
Microsoft Visual Studio Solution File, Format Version 12.00
# Visual Studio Version 16
VisualStudioVersion = 16.0.29613.14
MinimumVisualStudioVersion = 10.0.40219.1
Project("{FAE04EC0-301F-11D3-BF4B-00C04F79EFBC}") = "CoH2XML2JSON", "CoH2XML2JSON.csproj", "{B5A4B9D7-EB44-473E-B193-B8BE805065F4}"
EndProject
Global
	GlobalSection(SolutionConfigurationPlatforms) = preSolution
		Debug|Any CPU = Debug|Any CPU
		Release|Any CPU = Release|Any CPU
	EndGlobalSection
	GlobalSection(ProjectConfigurationPlatforms) = postSolution
		{B5A4B9D7-EB44-473E-B193-B8BE805065F4}.Debug|Any CPU.ActiveCfg = Debug|Any CPU
		{B5A4B9D7-EB44-473E-B193-B8BE805065F4}.Debug|Any CPU.Build.0 = Debug|Any CPU
		{B5A4B9D7-EB44-473E-B193-B8BE805065F4}.Release|Any CPU.ActiveCfg = Release|Any CPU
		{B5A4B9D7-EB44-473E-B193-B8BE805065F4}.Release|Any CPU.Build.0 = Release|Any CPU
	EndGlobalSection
	GlobalSection(SolutionProperties) = preSolution
		HideSolutionNode = FALSE
	EndGlobalSection
	GlobalSection(ExtensibilityGlobals) = postSolution
		SolutionGuid = {FBB4D8B6-D7F4-4E3D-9B1C-2D1564985E91}
	EndGlobalSection
EndGlobal
