
Microsoft Visual Studio Solution File, Format Version 12.00
# Visual Studio Version 17
VisualStudioVersion = 17.0.32112.339
MinimumVisualStudioVersion = 10.0.40219.1
Project("{9A19103F-16F7-4668-BE54-9A1E7A4F7556}") = "coh2-battlegrounds", "coh2-battlegrounds\coh2-battlegrounds.csproj", "{16FC939E-9E79-41C1-A52E-7731E750239C}"
EndProject
Project("{9A19103F-16F7-4668-BE54-9A1E7A4F7556}") = "coh2-battlegrounds-bin", "coh2-battlegrounds-bin\coh2-battlegrounds-bin.csproj", "{B6B5BD17-1508-433E-B710-131C5E7466AB}"
EndProject
Project("{9A19103F-16F7-4668-BE54-9A1E7A4F7556}") = "coh2-battlegrounds-console", "coh2-battlegrounds-console\coh2-battlegrounds-console.csproj", "{A7E7769E-3205-4CA1-BB63-0C62DF284E90}"
EndProject
Project("{930C7802-8A8C-48F9-8165-68863BCCD9DD}") = "coh2-battlegrounds-installer", "coh2-battlegrounds-installer\coh2-battlegrounds-installer.wixproj", "{3E8286BB-B500-4714-8891-99E973A39B1F}"
EndProject
Project("{9A19103F-16F7-4668-BE54-9A1E7A4F7556}") = "coh2-battlegrounds-resources", "coh2-battlegrounds-resources\coh2-battlegrounds-resources.csproj", "{05C35883-465C-4AB1-9D9E-296C216644C0}"
EndProject
Project("{9A19103F-16F7-4668-BE54-9A1E7A4F7556}") = "coh2-battlegrounds-functional", "coh2-battlegrounds-functional\coh2-battlegrounds-functional.csproj", "{E7D3CC68-944C-4192-A30A-1DD931D237BD}"
EndProject
Project("{9A19103F-16F7-4668-BE54-9A1E7A4F7556}") = "coh2-battlegrounds-ui", "coh2-battlegrounds-ui\coh2-battlegrounds-ui.csproj", "{A80982E9-ACBD-4013-892E-E71E7D32FCF8}"
EndProject
Project("{9A19103F-16F7-4668-BE54-9A1E7A4F7556}") = "coh2-battlegrounds-misc", "coh2-battlegrounds-misc\coh2-battlegrounds-misc.csproj", "{8264C3CF-F2C5-4229-98BD-9C696ECF717F}"
EndProject
Project("{9A19103F-16F7-4668-BE54-9A1E7A4F7556}") = "coh2-battlegrounds-scripting", "coh2-battlegrounds-scripting\coh2-battlegrounds-scripting.csproj", "{77252AB3-1A16-4763-84EF-D49EF273154A}"
EndProject
Project("{FAE04EC0-301F-11D3-BF4B-00C04F79EFBC}") = "coh2-battlegrounds-editor", "coh2-battlegrounds-editor\coh2-battlegrounds-editor.csproj", "{7CFC7A79-7DB3-44A3-A392-FC85D3B5B6EA}"
EndProject
Global
	GlobalSection(SolutionConfigurationPlatforms) = preSolution
		Debug|Any CPU = Debug|Any CPU
		Debug|x64 = Debug|x64
		Debug|x86 = Debug|x86
		Release|Any CPU = Release|Any CPU
		Release|x64 = Release|x64
		Release|x86 = Release|x86
	EndGlobalSection
	GlobalSection(ProjectConfigurationPlatforms) = postSolution
		{16FC939E-9E79-41C1-A52E-7731E750239C}.Debug|Any CPU.ActiveCfg = Debug|Any CPU
		{16FC939E-9E79-41C1-A52E-7731E750239C}.Debug|Any CPU.Build.0 = Debug|Any CPU
		{16FC939E-9E79-41C1-A52E-7731E750239C}.Debug|x64.ActiveCfg = Debug|Any CPU
		{16FC939E-9E79-41C1-A52E-7731E750239C}.Debug|x64.Build.0 = Debug|Any CPU
		{16FC939E-9E79-41C1-A52E-7731E750239C}.Debug|x86.ActiveCfg = Debug|Any CPU
		{16FC939E-9E79-41C1-A52E-7731E750239C}.Debug|x86.Build.0 = Debug|Any CPU
		{16FC939E-9E79-41C1-A52E-7731E750239C}.Release|Any CPU.ActiveCfg = Release|Any CPU
		{16FC939E-9E79-41C1-A52E-7731E750239C}.Release|Any CPU.Build.0 = Release|Any CPU
		{16FC939E-9E79-41C1-A52E-7731E750239C}.Release|x64.ActiveCfg = Release|Any CPU
		{16FC939E-9E79-41C1-A52E-7731E750239C}.Release|x64.Build.0 = Release|Any CPU
		{16FC939E-9E79-41C1-A52E-7731E750239C}.Release|x86.ActiveCfg = Release|Any CPU
		{16FC939E-9E79-41C1-A52E-7731E750239C}.Release|x86.Build.0 = Release|Any CPU
		{B6B5BD17-1508-433E-B710-131C5E7466AB}.Debug|Any CPU.ActiveCfg = Debug|Any CPU
		{B6B5BD17-1508-433E-B710-131C5E7466AB}.Debug|Any CPU.Build.0 = Debug|Any CPU
		{B6B5BD17-1508-433E-B710-131C5E7466AB}.Debug|x64.ActiveCfg = Debug|Any CPU
		{B6B5BD17-1508-433E-B710-131C5E7466AB}.Debug|x64.Build.0 = Debug|Any CPU
		{B6B5BD17-1508-433E-B710-131C5E7466AB}.Debug|x86.ActiveCfg = Debug|Any CPU
		{B6B5BD17-1508-433E-B710-131C5E7466AB}.Debug|x86.Build.0 = Debug|Any CPU
		{B6B5BD17-1508-433E-B710-131C5E7466AB}.Release|Any CPU.ActiveCfg = Release|Any CPU
		{B6B5BD17-1508-433E-B710-131C5E7466AB}.Release|Any CPU.Build.0 = Release|Any CPU
		{B6B5BD17-1508-433E-B710-131C5E7466AB}.Release|x64.ActiveCfg = Release|Any CPU
		{B6B5BD17-1508-433E-B710-131C5E7466AB}.Release|x64.Build.0 = Release|Any CPU
		{B6B5BD17-1508-433E-B710-131C5E7466AB}.Release|x86.ActiveCfg = Release|Any CPU
		{B6B5BD17-1508-433E-B710-131C5E7466AB}.Release|x86.Build.0 = Release|Any CPU
		{A7E7769E-3205-4CA1-BB63-0C62DF284E90}.Debug|Any CPU.ActiveCfg = Debug|Any CPU
		{A7E7769E-3205-4CA1-BB63-0C62DF284E90}.Debug|Any CPU.Build.0 = Debug|Any CPU
		{A7E7769E-3205-4CA1-BB63-0C62DF284E90}.Debug|x64.ActiveCfg = Debug|Any CPU
		{A7E7769E-3205-4CA1-BB63-0C62DF284E90}.Debug|x64.Build.0 = Debug|Any CPU
		{A7E7769E-3205-4CA1-BB63-0C62DF284E90}.Debug|x86.ActiveCfg = Debug|Any CPU
		{A7E7769E-3205-4CA1-BB63-0C62DF284E90}.Debug|x86.Build.0 = Debug|Any CPU
		{A7E7769E-3205-4CA1-BB63-0C62DF284E90}.Release|Any CPU.ActiveCfg = Release|Any CPU
		{A7E7769E-3205-4CA1-BB63-0C62DF284E90}.Release|Any CPU.Build.0 = Release|Any CPU
		{A7E7769E-3205-4CA1-BB63-0C62DF284E90}.Release|x64.ActiveCfg = Release|Any CPU
		{A7E7769E-3205-4CA1-BB63-0C62DF284E90}.Release|x64.Build.0 = Release|Any CPU
		{A7E7769E-3205-4CA1-BB63-0C62DF284E90}.Release|x86.ActiveCfg = Release|Any CPU
		{A7E7769E-3205-4CA1-BB63-0C62DF284E90}.Release|x86.Build.0 = Release|Any CPU
		{3E8286BB-B500-4714-8891-99E973A39B1F}.Debug|Any CPU.ActiveCfg = Debug|x64
		{3E8286BB-B500-4714-8891-99E973A39B1F}.Debug|x64.ActiveCfg = Debug|x64
		{3E8286BB-B500-4714-8891-99E973A39B1F}.Debug|x86.ActiveCfg = Debug|x86
		{3E8286BB-B500-4714-8891-99E973A39B1F}.Release|Any CPU.ActiveCfg = Release|x86
		{3E8286BB-B500-4714-8891-99E973A39B1F}.Release|x64.ActiveCfg = Release|x86
		{3E8286BB-B500-4714-8891-99E973A39B1F}.Release|x64.Build.0 = Release|x86
		{3E8286BB-B500-4714-8891-99E973A39B1F}.Release|x86.ActiveCfg = Release|x86
		{3E8286BB-B500-4714-8891-99E973A39B1F}.Release|x86.Build.0 = Release|x86
		{05C35883-465C-4AB1-9D9E-296C216644C0}.Debug|Any CPU.ActiveCfg = Debug|Any CPU
		{05C35883-465C-4AB1-9D9E-296C216644C0}.Debug|Any CPU.Build.0 = Debug|Any CPU
		{05C35883-465C-4AB1-9D9E-296C216644C0}.Debug|x64.ActiveCfg = Debug|Any CPU
		{05C35883-465C-4AB1-9D9E-296C216644C0}.Debug|x64.Build.0 = Debug|Any CPU
		{05C35883-465C-4AB1-9D9E-296C216644C0}.Debug|x86.ActiveCfg = Debug|Any CPU
		{05C35883-465C-4AB1-9D9E-296C216644C0}.Debug|x86.Build.0 = Debug|Any CPU
		{05C35883-465C-4AB1-9D9E-296C216644C0}.Release|Any CPU.ActiveCfg = Release|Any CPU
		{05C35883-465C-4AB1-9D9E-296C216644C0}.Release|Any CPU.Build.0 = Release|Any CPU
		{05C35883-465C-4AB1-9D9E-296C216644C0}.Release|x64.ActiveCfg = Release|Any CPU
		{05C35883-465C-4AB1-9D9E-296C216644C0}.Release|x64.Build.0 = Release|Any CPU
		{05C35883-465C-4AB1-9D9E-296C216644C0}.Release|x86.ActiveCfg = Release|Any CPU
		{05C35883-465C-4AB1-9D9E-296C216644C0}.Release|x86.Build.0 = Release|Any CPU
		{E7D3CC68-944C-4192-A30A-1DD931D237BD}.Debug|Any CPU.ActiveCfg = Debug|Any CPU
		{E7D3CC68-944C-4192-A30A-1DD931D237BD}.Debug|Any CPU.Build.0 = Debug|Any CPU
		{E7D3CC68-944C-4192-A30A-1DD931D237BD}.Debug|x64.ActiveCfg = Debug|Any CPU
		{E7D3CC68-944C-4192-A30A-1DD931D237BD}.Debug|x64.Build.0 = Debug|Any CPU
		{E7D3CC68-944C-4192-A30A-1DD931D237BD}.Debug|x86.ActiveCfg = Debug|Any CPU
		{E7D3CC68-944C-4192-A30A-1DD931D237BD}.Debug|x86.Build.0 = Debug|Any CPU
		{E7D3CC68-944C-4192-A30A-1DD931D237BD}.Release|Any CPU.ActiveCfg = Release|Any CPU
		{E7D3CC68-944C-4192-A30A-1DD931D237BD}.Release|Any CPU.Build.0 = Release|Any CPU
		{E7D3CC68-944C-4192-A30A-1DD931D237BD}.Release|x64.ActiveCfg = Release|Any CPU
		{E7D3CC68-944C-4192-A30A-1DD931D237BD}.Release|x64.Build.0 = Release|Any CPU
		{E7D3CC68-944C-4192-A30A-1DD931D237BD}.Release|x86.ActiveCfg = Release|Any CPU
		{E7D3CC68-944C-4192-A30A-1DD931D237BD}.Release|x86.Build.0 = Release|Any CPU
		{A80982E9-ACBD-4013-892E-E71E7D32FCF8}.Debug|Any CPU.ActiveCfg = Debug|Any CPU
		{A80982E9-ACBD-4013-892E-E71E7D32FCF8}.Debug|Any CPU.Build.0 = Debug|Any CPU
		{A80982E9-ACBD-4013-892E-E71E7D32FCF8}.Debug|x64.ActiveCfg = Debug|Any CPU
		{A80982E9-ACBD-4013-892E-E71E7D32FCF8}.Debug|x64.Build.0 = Debug|Any CPU
		{A80982E9-ACBD-4013-892E-E71E7D32FCF8}.Debug|x86.ActiveCfg = Debug|Any CPU
		{A80982E9-ACBD-4013-892E-E71E7D32FCF8}.Debug|x86.Build.0 = Debug|Any CPU
		{A80982E9-ACBD-4013-892E-E71E7D32FCF8}.Release|Any CPU.ActiveCfg = Release|Any CPU
		{A80982E9-ACBD-4013-892E-E71E7D32FCF8}.Release|Any CPU.Build.0 = Release|Any CPU
		{A80982E9-ACBD-4013-892E-E71E7D32FCF8}.Release|x64.ActiveCfg = Release|Any CPU
		{A80982E9-ACBD-4013-892E-E71E7D32FCF8}.Release|x64.Build.0 = Release|Any CPU
		{A80982E9-ACBD-4013-892E-E71E7D32FCF8}.Release|x86.ActiveCfg = Release|Any CPU
		{A80982E9-ACBD-4013-892E-E71E7D32FCF8}.Release|x86.Build.0 = Release|Any CPU
		{8264C3CF-F2C5-4229-98BD-9C696ECF717F}.Debug|Any CPU.ActiveCfg = Debug|Any CPU
		{8264C3CF-F2C5-4229-98BD-9C696ECF717F}.Debug|Any CPU.Build.0 = Debug|Any CPU
		{8264C3CF-F2C5-4229-98BD-9C696ECF717F}.Debug|x64.ActiveCfg = Debug|Any CPU
		{8264C3CF-F2C5-4229-98BD-9C696ECF717F}.Debug|x64.Build.0 = Debug|Any CPU
		{8264C3CF-F2C5-4229-98BD-9C696ECF717F}.Debug|x86.ActiveCfg = Debug|Any CPU
		{8264C3CF-F2C5-4229-98BD-9C696ECF717F}.Debug|x86.Build.0 = Debug|Any CPU
		{8264C3CF-F2C5-4229-98BD-9C696ECF717F}.Release|Any CPU.ActiveCfg = Release|Any CPU
		{8264C3CF-F2C5-4229-98BD-9C696ECF717F}.Release|Any CPU.Build.0 = Release|Any CPU
		{8264C3CF-F2C5-4229-98BD-9C696ECF717F}.Release|x64.ActiveCfg = Release|Any CPU
		{8264C3CF-F2C5-4229-98BD-9C696ECF717F}.Release|x64.Build.0 = Release|Any CPU
		{8264C3CF-F2C5-4229-98BD-9C696ECF717F}.Release|x86.ActiveCfg = Release|Any CPU
		{8264C3CF-F2C5-4229-98BD-9C696ECF717F}.Release|x86.Build.0 = Release|Any CPU
		{77252AB3-1A16-4763-84EF-D49EF273154A}.Debug|Any CPU.ActiveCfg = Debug|Any CPU
		{77252AB3-1A16-4763-84EF-D49EF273154A}.Debug|Any CPU.Build.0 = Debug|Any CPU
		{77252AB3-1A16-4763-84EF-D49EF273154A}.Debug|x64.ActiveCfg = Debug|Any CPU
		{77252AB3-1A16-4763-84EF-D49EF273154A}.Debug|x64.Build.0 = Debug|Any CPU
		{77252AB3-1A16-4763-84EF-D49EF273154A}.Debug|x86.ActiveCfg = Debug|Any CPU
		{77252AB3-1A16-4763-84EF-D49EF273154A}.Debug|x86.Build.0 = Debug|Any CPU
		{77252AB3-1A16-4763-84EF-D49EF273154A}.Release|Any CPU.ActiveCfg = Release|Any CPU
		{77252AB3-1A16-4763-84EF-D49EF273154A}.Release|Any CPU.Build.0 = Release|Any CPU
		{77252AB3-1A16-4763-84EF-D49EF273154A}.Release|x64.ActiveCfg = Release|Any CPU
		{77252AB3-1A16-4763-84EF-D49EF273154A}.Release|x64.Build.0 = Release|Any CPU
		{77252AB3-1A16-4763-84EF-D49EF273154A}.Release|x86.ActiveCfg = Release|Any CPU
		{77252AB3-1A16-4763-84EF-D49EF273154A}.Release|x86.Build.0 = Release|Any CPU
		{7CFC7A79-7DB3-44A3-A392-FC85D3B5B6EA}.Debug|Any CPU.ActiveCfg = Debug|Any CPU
		{7CFC7A79-7DB3-44A3-A392-FC85D3B5B6EA}.Debug|Any CPU.Build.0 = Debug|Any CPU
		{7CFC7A79-7DB3-44A3-A392-FC85D3B5B6EA}.Debug|x64.ActiveCfg = Debug|Any CPU
		{7CFC7A79-7DB3-44A3-A392-FC85D3B5B6EA}.Debug|x64.Build.0 = Debug|Any CPU
		{7CFC7A79-7DB3-44A3-A392-FC85D3B5B6EA}.Debug|x86.ActiveCfg = Debug|Any CPU
		{7CFC7A79-7DB3-44A3-A392-FC85D3B5B6EA}.Debug|x86.Build.0 = Debug|Any CPU
		{7CFC7A79-7DB3-44A3-A392-FC85D3B5B6EA}.Release|Any CPU.ActiveCfg = Release|Any CPU
		{7CFC7A79-7DB3-44A3-A392-FC85D3B5B6EA}.Release|Any CPU.Build.0 = Release|Any CPU
		{7CFC7A79-7DB3-44A3-A392-FC85D3B5B6EA}.Release|x64.ActiveCfg = Release|Any CPU
		{7CFC7A79-7DB3-44A3-A392-FC85D3B5B6EA}.Release|x64.Build.0 = Release|Any CPU
		{7CFC7A79-7DB3-44A3-A392-FC85D3B5B6EA}.Release|x86.ActiveCfg = Release|Any CPU
		{7CFC7A79-7DB3-44A3-A392-FC85D3B5B6EA}.Release|x86.Build.0 = Release|Any CPU
	EndGlobalSection
	GlobalSection(SolutionProperties) = preSolution
		HideSolutionNode = FALSE
	EndGlobalSection
	GlobalSection(ExtensibilityGlobals) = postSolution
		SolutionGuid = {61DB958E-C7E2-4854-8248-37318DADA313}
	EndGlobalSection
EndGlobal
